
Microsoft Visual Studio Solution File, Format Version 12.00
# Visual Studio 15
VisualStudioVersion = 15.0.27130.2027
MinimumVisualStudioVersion = 10.0.40219.1
Project("{FAE04EC0-301F-11D3-BF4B-00C04F79EFBC}") = "AspNetMvc", "AspNetMvc\AspNetMvc.csproj", "{805B261C-604F-4640-9F99-9DD837C5EEBF}"
EndProject
Project("{FAE04EC0-301F-11D3-BF4B-00C04F79EFBC}") = "AspNetMvc.DataAccess", "AspNetMvc.DataAccess\AspNetMvc.DataAccess.csproj", "{B04B2904-BF4F-4AD2-968E-885BD5042D7D}"
EndProject
Global
	GlobalSection(SolutionConfigurationPlatforms) = preSolution
		Debug|Any CPU = Debug|Any CPU
		Release|Any CPU = Release|Any CPU
	EndGlobalSection
	GlobalSection(ProjectConfigurationPlatforms) = postSolution
		{805B261C-604F-4640-9F99-9DD837C5EEBF}.Debug|Any CPU.ActiveCfg = Debug|Any CPU
		{805B261C-604F-4640-9F99-9DD837C5EEBF}.Debug|Any CPU.Build.0 = Debug|Any CPU
		{805B261C-604F-4640-9F99-9DD837C5EEBF}.Release|Any CPU.ActiveCfg = Release|Any CPU
		{805B261C-604F-4640-9F99-9DD837C5EEBF}.Release|Any CPU.Build.0 = Release|Any CPU
		{B04B2904-BF4F-4AD2-968E-885BD5042D7D}.Debug|Any CPU.ActiveCfg = Debug|Any CPU
		{B04B2904-BF4F-4AD2-968E-885BD5042D7D}.Debug|Any CPU.Build.0 = Debug|Any CPU
		{B04B2904-BF4F-4AD2-968E-885BD5042D7D}.Release|Any CPU.ActiveCfg = Release|Any CPU
		{B04B2904-BF4F-4AD2-968E-885BD5042D7D}.Release|Any CPU.Build.0 = Release|Any CPU
	EndGlobalSection
	GlobalSection(SolutionProperties) = preSolution
		HideSolutionNode = FALSE
	EndGlobalSection
	GlobalSection(ExtensibilityGlobals) = postSolution
		SolutionGuid = {BB10DF3C-F12E-4F07-9E8D-3B290576220F}
	EndGlobalSection
EndGlobal
